
Microsoft Visual Studio Solution File, Format Version 12.00
# Visual Studio Version 16
VisualStudioVersion = 16.0.31702.278
MinimumVisualStudioVersion = 10.0.40219.1
Project("{FAE04EC0-301F-11D3-BF4B-00C04F79EFBC}") = "Horario_XML_Alvaro", "Horario_XML_Alvaro\Horario_XML_Alvaro.csproj", "{EF4D88BC-84CA-4218-86E8-505E83D6C392}"
EndProject
Global
	GlobalSection(SolutionConfigurationPlatforms) = preSolution
		Debug|Any CPU = Debug|Any CPU
		Release|Any CPU = Release|Any CPU
	EndGlobalSection
	GlobalSection(ProjectConfigurationPlatforms) = postSolution
		{EF4D88BC-84CA-4218-86E8-505E83D6C392}.Debug|Any CPU.ActiveCfg = Debug|Any CPU
		{EF4D88BC-84CA-4218-86E8-505E83D6C392}.Debug|Any CPU.Build.0 = Debug|Any CPU
		{EF4D88BC-84CA-4218-86E8-505E83D6C392}.Release|Any CPU.ActiveCfg = Release|Any CPU
		{EF4D88BC-84CA-4218-86E8-505E83D6C392}.Release|Any CPU.Build.0 = Release|Any CPU
	EndGlobalSection
	GlobalSection(SolutionProperties) = preSolution
		HideSolutionNode = FALSE
	EndGlobalSection
	GlobalSection(ExtensibilityGlobals) = postSolution
		SolutionGuid = {6C94CFCA-C9BF-4108-845B-B0098C772D32}
	EndGlobalSection
EndGlobal
